
Microsoft Visual Studio Solution File, Format Version 12.00
# Visual Studio Version 17
VisualStudioVersion = 17.14.36717.8 d17.14
MinimumVisualStudioVersion = 10.0.40219.1
Project("{8BC9CEB8-8B4A-11D0-8D11-00A0C91BC942}") = "src", "src.vcxproj", "{E60ABC05-6B25-CF0A-D2C9-BD733A0F77D7}"
EndProject
Global
	GlobalSection(SolutionConfigurationPlatforms) = preSolution
		Debug|x64 = Debug|x64
		Release|x64 = Release|x64
	EndGlobalSection
	GlobalSection(ProjectConfigurationPlatforms) = postSolution
		{E60ABC05-6B25-CF0A-D2C9-BD733A0F77D7}.Debug|x64.ActiveCfg = Debug|x64
		{E60ABC05-6B25-CF0A-D2C9-BD733A0F77D7}.Debug|x64.Build.0 = Debug|x64
		{E60ABC05-6B25-CF0A-D2C9-BD733A0F77D7}.Release|x64.ActiveCfg = Release|x64
		{E60ABC05-6B25-CF0A-D2C9-BD733A0F77D7}.Release|x64.Build.0 = Release|x64
	EndGlobalSection
	GlobalSection(SolutionProperties) = preSolution
		HideSolutionNode = FALSE
	EndGlobalSection
	GlobalSection(ExtensibilityGlobals) = postSolution
		SolutionGuid = {FAC69B3C-6204-4494-ACF9-BC1131D92A2C}
	EndGlobalSection
EndGlobal
